
Microsoft Visual Studio Solution File, Format Version 12.00
# Visual Studio Version 17
VisualStudioVersion = 17.7.34018.315
MinimumVisualStudioVersion = 10.0.40219.1
Project("{FAE04EC0-301F-11D3-BF4B-00C04F79EFBC}") = "MenuWF", "MenuWF\MenuWF.csproj", "{1A71E475-7192-421A-828C-265E22C1E824}"
EndProject
Global
	GlobalSection(SolutionConfigurationPlatforms) = preSolution
		Debug|Any CPU = Debug|Any CPU
		Release|Any CPU = Release|Any CPU
	EndGlobalSection
	GlobalSection(ProjectConfigurationPlatforms) = postSolution
		{1A71E475-7192-421A-828C-265E22C1E824}.Debug|Any CPU.ActiveCfg = Debug|Any CPU
		{1A71E475-7192-421A-828C-265E22C1E824}.Debug|Any CPU.Build.0 = Debug|Any CPU
		{1A71E475-7192-421A-828C-265E22C1E824}.Release|Any CPU.ActiveCfg = Release|Any CPU
		{1A71E475-7192-421A-828C-265E22C1E824}.Release|Any CPU.Build.0 = Release|Any CPU
	EndGlobalSection
	GlobalSection(SolutionProperties) = preSolution
		HideSolutionNode = FALSE
	EndGlobalSection
	GlobalSection(ExtensibilityGlobals) = postSolution
		SolutionGuid = {6275B35A-59AD-48D5-80E9-E9763BF540FC}
	EndGlobalSection
EndGlobal
